// !$*UTF8*$!
{
	archiveVersion = 1;
	classes = {
	};
	objectVersion = 48;
	objects = {

/* Begin PBXBuildFile section */
		3BAA2CDE2666C73C00EA4ABD /* DownloadManager.swift in Sources */ = {isa = PBXBuildFile; fileRef = 3BAA2CDD2666C73C00EA4ABD /* DownloadManager.swift */; };
		3BE07A462666BC0000F01B85 /* AppDelegate.swift in Sources */ = {isa = PBXBuildFile; fileRef = 3BE07A452666BC0000F01B85 /* AppDelegate.swift */; };
		3BE07A482666BC0000F01B85 /* ViewController.swift in Sources */ = {isa = PBXBuildFile; fileRef = 3BE07A472666BC0000F01B85 /* ViewController.swift */; };
		3BE07A4A2666BC0000F01B85 /* Assets.xcassets in Resources */ = {isa = PBXBuildFile; fileRef = 3BE07A492666BC0000F01B85 /* Assets.xcassets */; };
		3BE07A4D2666BC0000F01B85 /* Main.storyboard in Resources */ = {isa = PBXBuildFile; fileRef = 3BE07A4B2666BC0000F01B85 /* Main.storyboard */; };
/* End PBXBuildFile section */

/* Begin PBXFileReference section */
		3BAA2CDD2666C73C00EA4ABD /* DownloadManager.swift */ = {isa = PBXFileReference; lastKnownFileType = sourcecode.swift; path = DownloadManager.swift; sourceTree = "<group>"; };
		3BE07A422666BC0000F01B85 /* Betacraft Launcher MacOS.app */ = {isa = PBXFileReference; explicitFileType = wrapper.application; includeInIndex = 0; path = "Betacraft Launcher MacOS.app"; sourceTree = BUILT_PRODUCTS_DIR; };
		3BE07A452666BC0000F01B85 /* AppDelegate.swift */ = {isa = PBXFileReference; lastKnownFileType = sourcecode.swift; path = AppDelegate.swift; sourceTree = "<group>"; };
		3BE07A472666BC0000F01B85 /* ViewController.swift */ = {isa = PBXFileReference; lastKnownFileType = sourcecode.swift; path = ViewController.swift; sourceTree = "<group>"; };
		3BE07A492666BC0000F01B85 /* Assets.xcassets */ = {isa = PBXFileReference; lastKnownFileType = folder.assetcatalog; path = Assets.xcassets; sourceTree = "<group>"; };
		3BE07A4C2666BC0000F01B85 /* Base */ = {isa = PBXFileReference; lastKnownFileType = file.storyboard; name = Base; path = Base.lproj/Main.storyboard; sourceTree = "<group>"; };
		3BE07A4E2666BC0000F01B85 /* Info.plist */ = {isa = PBXFileReference; lastKnownFileType = text.plist.xml; path = Info.plist; sourceTree = "<group>"; };
		3BE07A4F2666BC0000F01B85 /* Betacraft_Launcher_MacOS.entitlements */ = {isa = PBXFileReference; lastKnownFileType = text.plist.entitlements; path = Betacraft_Launcher_MacOS.entitlements; sourceTree = "<group>"; };
/* End PBXFileReference section */

/* Begin PBXFrameworksBuildPhase section */
		3BE07A3F2666BC0000F01B85 /* Frameworks */ = {
			isa = PBXFrameworksBuildPhase;
			buildActionMask = 2147483647;
			files = (
			);
			runOnlyForDeploymentPostprocessing = 0;
		};
/* End PBXFrameworksBuildPhase section */

/* Begin PBXGroup section */
		3BE07A392666BC0000F01B85 = {
			isa = PBXGroup;
			children = (
				3BE07A442666BC0000F01B85 /* Betacraft Launcher MacOS */,
				3BE07A432666BC0000F01B85 /* Products */,
			);
			sourceTree = "<group>";
		};
		3BE07A432666BC0000F01B85 /* Products */ = {
			isa = PBXGroup;
			children = (
				3BE07A422666BC0000F01B85 /* Betacraft Launcher MacOS.app */,
			);
			name = Products;
			sourceTree = "<group>";
		};
		3BE07A442666BC0000F01B85 /* Betacraft Launcher MacOS */ = {
			isa = PBXGroup;
			children = (
				3BE07A452666BC0000F01B85 /* AppDelegate.swift */,
				3BE07A472666BC0000F01B85 /* ViewController.swift */,
				3BE07A492666BC0000F01B85 /* Assets.xcassets */,
				3BE07A4B2666BC0000F01B85 /* Main.storyboard */,
				3BE07A4E2666BC0000F01B85 /* Info.plist */,
				3BE07A4F2666BC0000F01B85 /* Betacraft_Launcher_MacOS.entitlements */,
				3BAA2CDD2666C73C00EA4ABD /* DownloadManager.swift */,
			);
			path = "Betacraft Launcher MacOS";
			sourceTree = "<group>";
		};
/* End PBXGroup section */

/* Begin PBXNativeTarget section */
		3BE07A412666BC0000F01B85 /* Betacraft Launcher MacOS */ = {
			isa = PBXNativeTarget;
			buildConfigurationList = 3BE07A522666BC0000F01B85 /* Build configuration list for PBXNativeTarget "Betacraft Launcher MacOS" */;
			buildPhases = (
				3BE07A3E2666BC0000F01B85 /* Sources */,
				3BE07A3F2666BC0000F01B85 /* Frameworks */,
				3BE07A402666BC0000F01B85 /* Resources */,
			);
			buildRules = (
			);
			dependencies = (
			);
			name = "Betacraft Launcher MacOS";
			productName = "Betacraft Launcher MacOS";
			productReference = 3BE07A422666BC0000F01B85 /* Betacraft Launcher MacOS.app */;
			productType = "com.apple.product-type.application";
		};
/* End PBXNativeTarget section */

/* Begin PBXProject section */
		3BE07A3A2666BC0000F01B85 /* Project object */ = {
			isa = PBXProject;
			attributes = {
				LastSwiftUpdateCheck = 0920;
				LastUpgradeCheck = 0920;
				ORGANIZATIONNAME = Kazu;
				TargetAttributes = {
					3BE07A412666BC0000F01B85 = {
						CreatedOnToolsVersion = 9.2;
						ProvisioningStyle = Automatic;
						SystemCapabilities = {
							com.apple.Sandbox = {
								enabled = 0;
							};
						};
					};
				};
			};
			buildConfigurationList = 3BE07A3D2666BC0000F01B85 /* Build configuration list for PBXProject "Betacraft Launcher MacOS" */;
			compatibilityVersion = "Xcode 8.0";
			developmentRegion = en;
			hasScannedForEncodings = 0;
			knownRegions = (
				en,
				Base,
			);
			mainGroup = 3BE07A392666BC0000F01B85;
			productRefGroup = 3BE07A432666BC0000F01B85 /* Products */;
			projectDirPath = "";
			projectRoot = "";
			targets = (
				3BE07A412666BC0000F01B85 /* Betacraft Launcher MacOS */,
			);
		};
/* End PBXProject section */

/* Begin PBXResourcesBuildPhase section */
		3BE07A402666BC0000F01B85 /* Resources */ = {
			isa = PBXResourcesBuildPhase;
			buildActionMask = 2147483647;
			files = (
				3BE07A4A2666BC0000F01B85 /* Assets.xcassets in Resources */,
				3BE07A4D2666BC0000F01B85 /* Main.storyboard in Resources */,
			);
			runOnlyForDeploymentPostprocessing = 0;
		};
/* End PBXResourcesBuildPhase section */

/* Begin PBXSourcesBuildPhase section */
		3BE07A3E2666BC0000F01B85 /* Sources */ = {
			isa = PBXSourcesBuildPhase;
			buildActionMask = 2147483647;
			files = (
				3BAA2CDE2666C73C00EA4ABD /* DownloadManager.swift in Sources */,
				3BE07A482666BC0000F01B85 /* ViewController.swift in Sources */,
				3BE07A462666BC0000F01B85 /* AppDelegate.swift in Sources */,
			);
			runOnlyForDeploymentPostprocessing = 0;
		};
/* End PBXSourcesBuildPhase section */

/* Begin PBXVariantGroup section */
		3BE07A4B2666BC0000F01B85 /* Main.storyboard */ = {
			isa = PBXVariantGroup;
			children = (
				3BE07A4C2666BC0000F01B85 /* Base */,
			);
			name = Main.storyboard;
			sourceTree = "<group>";
		};
/* End PBXVariantGroup section */

/* Begin XCBuildConfiguration section */
		3BE07A502666BC0000F01B85 /* Debug */ = {
			isa = XCBuildConfiguration;
			buildSettings = {
				ALWAYS_SEARCH_USER_PATHS = NO;
				CLANG_ANALYZER_NONNULL = YES;
				CLANG_ANALYZER_NUMBER_OBJECT_CONVERSION = YES_AGGRESSIVE;
				CLANG_CXX_LANGUAGE_STANDARD = "gnu++14";
				CLANG_CXX_LIBRARY = "libc++";
				CLANG_ENABLE_MODULES = YES;
				CLANG_ENABLE_OBJC_ARC = YES;
				CLANG_WARN_BLOCK_CAPTURE_AUTORELEASING = YES;
				CLANG_WARN_BOOL_CONVERSION = YES;
				CLANG_WARN_COMMA = YES;
				CLANG_WARN_CONSTANT_CONVERSION = YES;
				CLANG_WARN_DIRECT_OBJC_ISA_USAGE = YES_ERROR;
				CLANG_WARN_DOCUMENTATION_COMMENTS = YES;
				CLANG_WARN_EMPTY_BODY = YES;
				CLANG_WARN_ENUM_CONVERSION = YES;
				CLANG_WARN_INFINITE_RECURSION = YES;
				CLANG_WARN_INT_CONVERSION = YES;
				CLANG_WARN_NON_LITERAL_NULL_CONVERSION = YES;
				CLANG_WARN_OBJC_LITERAL_CONVERSION = YES;
				CLANG_WARN_OBJC_ROOT_CLASS = YES_ERROR;
				CLANG_WARN_RANGE_LOOP_ANALYSIS = YES;
				CLANG_WARN_STRICT_PROTOTYPES = YES;
				CLANG_WARN_SUSPICIOUS_MOVE = YES;
				CLANG_WARN_UNGUARDED_AVAILABILITY = YES_AGGRESSIVE;
				CLANG_WARN_UNREACHABLE_CODE = YES;
				CLANG_WARN__DUPLICATE_METHOD_MATCH = YES;
				CODE_SIGN_IDENTITY = "-";
				COPY_PHASE_STRIP = NO;
				DEBUG_INFORMATION_FORMAT = dwarf;
				ENABLE_STRICT_OBJC_MSGSEND = YES;
				ENABLE_TESTABILITY = YES;
				GCC_C_LANGUAGE_STANDARD = gnu11;
				GCC_DYNAMIC_NO_PIC = NO;
				GCC_NO_COMMON_BLOCKS = YES;
				GCC_OPTIMIZATION_LEVEL = 0;
				GCC_PREPROCESSOR_DEFINITIONS = (
					"DEBUG=1",
					"$(inherited)",
				);
				GCC_WARN_64_TO_32_BIT_CONVERSION = YES;
				GCC_WARN_ABOUT_RETURN_TYPE = YES_ERROR;
				GCC_WARN_UNDECLARED_SELECTOR = YES;
				GCC_WARN_UNINITIALIZED_AUTOS = YES_AGGRESSIVE;
				GCC_WARN_UNUSED_FUNCTION = YES;
				GCC_WARN_UNUSED_VARIABLE = YES;
				MACOSX_DEPLOYMENT_TARGET = 10.12;
				MTL_ENABLE_DEBUG_INFO = YES;
				ONLY_ACTIVE_ARCH = YES;
				SDKROOT = macosx;
				SWIFT_ACTIVE_COMPILATION_CONDITIONS = DEBUG;
				SWIFT_OPTIMIZATION_LEVEL = "-Onone";
			};
			name = Debug;
		};
		3BE07A512666BC0000F01B85 /* Release */ = {
			isa = XCBuildConfiguration;
			buildSettings = {
				ALWAYS_SEARCH_USER_PATHS = NO;
				CLANG_ANALYZER_NONNULL = YES;
				CLANG_ANALYZER_NUMBER_OBJECT_CONVERSION = YES_AGGRESSIVE;
				CLANG_CXX_LANGUAGE_STANDARD = "gnu++14";
				CLANG_CXX_LIBRARY = "libc++";
				CLANG_ENABLE_MODULES = YES;
				CLANG_ENABLE_OBJC_ARC = YES;
				CLANG_WARN_BLOCK_CAPTURE_AUTORELEASING = YES;
				CLANG_WARN_BOOL_CONVERSION = YES;
				CLANG_WARN_COMMA = YES;
				CLANG_WARN_CONSTANT_CONVERSION = YES;
				CLANG_WARN_DIRECT_OBJC_ISA_USAGE = YES_ERROR;
				CLANG_WARN_DOCUMENTATION_COMMENTS = YES;
				CLANG_WARN_EMPTY_BODY = YES;
				CLANG_WARN_ENUM_CONVERSION = YES;
				CLANG_WARN_INFINITE_RECURSION = YES;
				CLANG_WARN_INT_CONVERSION = YES;
				CLANG_WARN_NON_LITERAL_NULL_CONVERSION = YES;
				CLANG_WARN_OBJC_LITERAL_CONVERSION = YES;
				CLANG_WARN_OBJC_ROOT_CLASS = YES_ERROR;
				CLANG_WARN_RANGE_LOOP_ANALYSIS = YES;
				CLANG_WARN_STRICT_PROTOTYPES = YES;
				CLANG_WARN_SUSPICIOUS_MOVE = YES;
				CLANG_WARN_UNGUARDED_AVAILABILITY = YES_AGGRESSIVE;
				CLANG_WARN_UNREACHABLE_CODE = YES;
				CLANG_WARN__DUPLICATE_METHOD_MATCH = YES;
				CODE_SIGN_IDENTITY = "-";
				COPY_PHASE_STRIP = NO;
				DEBUG_INFORMATION_FORMAT = "dwarf-with-dsym";
				ENABLE_NS_ASSERTIONS = NO;
				ENABLE_STRICT_OBJC_MSGSEND = YES;
				GCC_C_LANGUAGE_STANDARD = gnu11;
				GCC_NO_COMMON_BLOCKS = YES;
				GCC_WARN_64_TO_32_BIT_CONVERSION = YES;
				GCC_WARN_ABOUT_RETURN_TYPE = YES_ERROR;
				GCC_WARN_UNDECLARED_SELECTOR = YES;
				GCC_WARN_UNINITIALIZED_AUTOS = YES_AGGRESSIVE;
				GCC_WARN_UNUSED_FUNCTION = YES;
				GCC_WARN_UNUSED_VARIABLE = YES;
				MACOSX_DEPLOYMENT_TARGET = 10.12;
				MTL_ENABLE_DEBUG_INFO = NO;
				SDKROOT = macosx;
				SWIFT_OPTIMIZATION_LEVEL = "-Owholemodule";
			};
			name = Release;
		};
		3BE07A532666BC0000F01B85 /* Debug */ = {
			isa = XCBuildConfiguration;
			buildSettings = {
				ASSETCATALOG_COMPILER_APPICON_NAME = AppIcon;
				CODE_SIGN_STYLE = Automatic;
				COMBINE_HIDPI_IMAGES = YES;
				INFOPLIST_FILE = "Betacraft Launcher MacOS/Info.plist";
				LD_RUNPATH_SEARCH_PATHS = "$(inherited) @executable_path/../Frameworks";
				PRODUCT_BUNDLE_IDENTIFIER = "me.kazu.Betacraft-Launcher-MacOS";
				PRODUCT_NAME = "$(TARGET_NAME)";
				SWIFT_VERSION = 4.0;
			};
			name = Debug;
		};
		3BE07A542666BC0000F01B85 /* Release */ = {
			isa = XCBuildConfiguration;
			buildSettings = {
				ASSETCATALOG_COMPILER_APPICON_NAME = AppIcon;
				CODE_SIGN_STYLE = Automatic;
				COMBINE_HIDPI_IMAGES = YES;
				INFOPLIST_FILE = "Betacraft Launcher MacOS/Info.plist";
				LD_RUNPATH_SEARCH_PATHS = "$(inherited) @executable_path/../Frameworks";
				PRODUCT_BUNDLE_IDENTIFIER = "me.kazu.Betacraft-Launcher-MacOS";
				PRODUCT_NAME = "$(TARGET_NAME)";
				SWIFT_VERSION = 4.0;
			};
			name = Release;
		};
/* End XCBuildConfiguration section */

/* Begin XCConfigurationList section */
		3BE07A3D2666BC0000F01B85 /* Build configuration list for PBXProject "Betacraft Launcher MacOS" */ = {
			isa = XCConfigurationList;
			buildConfigurations = (
				3BE07A502666BC0000F01B85 /* Debug */,
				3BE07A512666BC0000F01B85 /* Release */,
			);
			defaultConfigurationIsVisible = 0;
			defaultConfigurationName = Release;
		};
		3BE07A522666BC0000F01B85 /* Build configuration list for PBXNativeTarget "Betacraft Launcher MacOS" */ = {
			isa = XCConfigurationList;
			buildConfigurations = (
				3BE07A532666BC0000F01B85 /* Debug */,
				3BE07A542666BC0000F01B85 /* Release */,
			);
			defaultConfigurationIsVisible = 0;
			defaultConfigurationName = Release;
		};
/* End XCConfigurationList section */
	};
	rootObject = 3BE07A3A2666BC0000F01B85 /* Project object */;
}
